
Microsoft Visual Studio Solution File, Format Version 12.00
# Visual Studio Version 17
VisualStudioVersion = 17.5.33627.172
MinimumVisualStudioVersion = 10.0.40219.1
Project("{9A19103F-16F7-4668-BE54-9A1E7A4F7556}") = "SignalR.Api", "SignalR.Api\SignalR.Api.csproj", "{F1DB8F2D-31A3-4EDC-9102-DD4458BC0A58}"
EndProject
Project("{FAE04EC0-301F-11D3-BF4B-00C04F79EFBC}") = "SignalR.Web", "SignalR.Web\SignalR.Web.csproj", "{67D900BA-07F7-4779-B54A-C4BE303FB262}"
EndProject
Global
	GlobalSection(SolutionConfigurationPlatforms) = preSolution
		Debug|Any CPU = Debug|Any CPU
		Release|Any CPU = Release|Any CPU
	EndGlobalSection
	GlobalSection(ProjectConfigurationPlatforms) = postSolution
		{F1DB8F2D-31A3-4EDC-9102-DD4458BC0A58}.Debug|Any CPU.ActiveCfg = Debug|Any CPU
		{F1DB8F2D-31A3-4EDC-9102-DD4458BC0A58}.Debug|Any CPU.Build.0 = Debug|Any CPU
		{F1DB8F2D-31A3-4EDC-9102-DD4458BC0A58}.Release|Any CPU.ActiveCfg = Release|Any CPU
		{F1DB8F2D-31A3-4EDC-9102-DD4458BC0A58}.Release|Any CPU.Build.0 = Release|Any CPU
		{67D900BA-07F7-4779-B54A-C4BE303FB262}.Debug|Any CPU.ActiveCfg = Debug|Any CPU
		{67D900BA-07F7-4779-B54A-C4BE303FB262}.Debug|Any CPU.Build.0 = Debug|Any CPU
		{67D900BA-07F7-4779-B54A-C4BE303FB262}.Release|Any CPU.ActiveCfg = Release|Any CPU
		{67D900BA-07F7-4779-B54A-C4BE303FB262}.Release|Any CPU.Build.0 = Release|Any CPU
	EndGlobalSection
	GlobalSection(SolutionProperties) = preSolution
		HideSolutionNode = FALSE
	EndGlobalSection
	GlobalSection(ExtensibilityGlobals) = postSolution
		SolutionGuid = {15764B16-A59B-4986-B177-621EB946C2A1}
	EndGlobalSection
EndGlobal
